
Microsoft Visual Studio Solution File, Format Version 12.00
# Visual Studio Version 17
VisualStudioVersion = 17.4.33205.214
MinimumVisualStudioVersion = 10.0.40219.1
Project("{2150E333-8FDC-42A3-9474-1A3956D46DE8}") = "src", "src", "{0DA5F785-AC6C-4599-A0F1-ECF87B9073F3}"
EndProject
Project("{2150E333-8FDC-42A3-9474-1A3956D46DE8}") = "test", "test", "{7612E4BB-38B5-4C32-946F-A2EA1D1C5348}"
EndProject
Project("{9A19103F-16F7-4668-BE54-9A1E7A4F7556}") = "ThreeFourteen.MarketData", "src\ThreeFourteen.MarketData\ThreeFourteen.MarketData.csproj", "{7B03CC82-27E4-4963-97AC-A803414548D3}"
EndProject
Project("{9A19103F-16F7-4668-BE54-9A1E7A4F7556}") = "ThreeFourteen.MarketData.MarketStack", "src\ThreeFourteen.MarketData.MarketStack\ThreeFourteen.MarketData.MarketStack.csproj", "{E1694278-16E3-423C-AA72-D28AC2231DB3}"
EndProject
Project("{FAE04EC0-301F-11D3-BF4B-00C04F79EFBC}") = "ThreeFourteen.MarketData.MarketStack.Tests", "test\ThreeFourteen.MarketData.MarketStack.Tests\ThreeFourteen.MarketData.MarketStack.Tests.csproj", "{D3C9AA65-443B-405D-AB30-A6CF80C21F41}"
EndProject
Global
	GlobalSection(SolutionConfigurationPlatforms) = preSolution
		Debug|Any CPU = Debug|Any CPU
		Release|Any CPU = Release|Any CPU
	EndGlobalSection
	GlobalSection(ProjectConfigurationPlatforms) = postSolution
		{7B03CC82-27E4-4963-97AC-A803414548D3}.Debug|Any CPU.ActiveCfg = Debug|Any CPU
		{7B03CC82-27E4-4963-97AC-A803414548D3}.Debug|Any CPU.Build.0 = Debug|Any CPU
		{7B03CC82-27E4-4963-97AC-A803414548D3}.Release|Any CPU.ActiveCfg = Release|Any CPU
		{7B03CC82-27E4-4963-97AC-A803414548D3}.Release|Any CPU.Build.0 = Release|Any CPU
		{E1694278-16E3-423C-AA72-D28AC2231DB3}.Debug|Any CPU.ActiveCfg = Debug|Any CPU
		{E1694278-16E3-423C-AA72-D28AC2231DB3}.Debug|Any CPU.Build.0 = Debug|Any CPU
		{E1694278-16E3-423C-AA72-D28AC2231DB3}.Release|Any CPU.ActiveCfg = Release|Any CPU
		{E1694278-16E3-423C-AA72-D28AC2231DB3}.Release|Any CPU.Build.0 = Release|Any CPU
		{D3C9AA65-443B-405D-AB30-A6CF80C21F41}.Debug|Any CPU.ActiveCfg = Debug|Any CPU
		{D3C9AA65-443B-405D-AB30-A6CF80C21F41}.Debug|Any CPU.Build.0 = Debug|Any CPU
		{D3C9AA65-443B-405D-AB30-A6CF80C21F41}.Release|Any CPU.ActiveCfg = Release|Any CPU
		{D3C9AA65-443B-405D-AB30-A6CF80C21F41}.Release|Any CPU.Build.0 = Release|Any CPU
	EndGlobalSection
	GlobalSection(SolutionProperties) = preSolution
		HideSolutionNode = FALSE
	EndGlobalSection
	GlobalSection(NestedProjects) = preSolution
		{7B03CC82-27E4-4963-97AC-A803414548D3} = {0DA5F785-AC6C-4599-A0F1-ECF87B9073F3}
		{E1694278-16E3-423C-AA72-D28AC2231DB3} = {0DA5F785-AC6C-4599-A0F1-ECF87B9073F3}
		{D3C9AA65-443B-405D-AB30-A6CF80C21F41} = {7612E4BB-38B5-4C32-946F-A2EA1D1C5348}
	EndGlobalSection
	GlobalSection(ExtensibilityGlobals) = postSolution
		SolutionGuid = {A4085535-9628-47E9-B359-4E484AE5C506}
	EndGlobalSection
EndGlobal
